PODS:
  - Flutter (1.0.0)
  - logeverything (0.0.1):
    - Flutter

DEPENDENCIES:
  - Flutter (from `Flutter`)
  - logeverything (from `.symlinks/plugins/logeverything/ios`)

EXTERNAL SOURCES:
  Flutter:
    :path: Flutter
  logeverything:
    :path: ".symlinks/plugins/logeverything/ios"

SPEC CHECKSUMS:
  Flutter: 0e3d915762c693b495b44d77113d4970485de6ec
  logeverything: 0071fb3c1ae7d80eaf70dc0819e324acf1008ff9

PODFILE CHECKSUM: c34e2287a9ccaa606aeceab922830efb9a6ff69a

COCOAPODS: 1.9.3
